
Microsoft Visual Studio Solution File, Format Version 12.00
# Visual Studio Version 17
VisualStudioVersion = 17.8.34322.80
MinimumVisualStudioVersion = 10.0.40219.1
Project("{9A19103F-16F7-4668-BE54-9A1E7A4F7556}") = "eCommerceStore", "eCommerceStore\eCommerceStore.csproj", "{DA8CA46D-D31D-437A-A168-10844D335C1A}"
EndProject
Project("{FAE04EC0-301F-11D3-BF4B-00C04F79EFBC}") = "eCommerceStore.Tests", "eCommerceStore.Tests\eCommerceStore.Tests.csproj", "{76771592-7C7B-4356-8A9C-B7843ACDB474}"
EndProject
Global
	GlobalSection(SolutionConfigurationPlatforms) = preSolution
		Debug|Any CPU = Debug|Any CPU
		Release|Any CPU = Release|Any CPU
	EndGlobalSection
	GlobalSection(ProjectConfigurationPlatforms) = postSolution
		{DA8CA46D-D31D-437A-A168-10844D335C1A}.Debug|Any CPU.ActiveCfg = Debug|Any CPU
		{DA8CA46D-D31D-437A-A168-10844D335C1A}.Debug|Any CPU.Build.0 = Debug|Any CPU
		{DA8CA46D-D31D-437A-A168-10844D335C1A}.Release|Any CPU.ActiveCfg = Release|Any CPU
		{DA8CA46D-D31D-437A-A168-10844D335C1A}.Release|Any CPU.Build.0 = Release|Any CPU
		{76771592-7C7B-4356-8A9C-B7843ACDB474}.Debug|Any CPU.ActiveCfg = Debug|Any CPU
		{76771592-7C7B-4356-8A9C-B7843ACDB474}.Debug|Any CPU.Build.0 = Debug|Any CPU
		{76771592-7C7B-4356-8A9C-B7843ACDB474}.Release|Any CPU.ActiveCfg = Release|Any CPU
		{76771592-7C7B-4356-8A9C-B7843ACDB474}.Release|Any CPU.Build.0 = Release|Any CPU
	EndGlobalSection
	GlobalSection(SolutionProperties) = preSolution
		HideSolutionNode = FALSE
	EndGlobalSection
	GlobalSection(ExtensibilityGlobals) = postSolution
		SolutionGuid = {F5FE2AE1-BEB0-498C-A28D-D4E338B6206B}
	EndGlobalSection
EndGlobal
